<?xml version="1.0" encoding="utf-8"?>
<Project ToolsVersion="4.0" xmlns="http://schemas.microsoft.com/developer/msbuild/2003">
  <ItemGroup>
    <Filter Include="源文件">
      <UniqueIdentifier>{4FC737F1-C7A5-4376-A066-2A32D752A2FF}</UniqueIdentifier>
      <Extensions>cpp;c;cc;cxx;c++;cppm;ixx;def;odl;idl;hpj;bat;asm;asmx</Extensions>
    </Filter>
    <Filter Include="资源文件">
      <UniqueIdentifier>{67DA6AB6-F800-4c08-8B7A-83BB121AAD01}</UniqueIdentifier>
      <Extensions>rc;ico;cur;bmp;dlg;rc2;rct;bin;rgs;gif;jpg;jpeg;jpe;resx;tiff;tif;png;wav;mfcribbon-ms</Extensions>
    </Filter>
    <Filter Include="头文件">
      <UniqueIdentifier>{93995380-89BD-4b04-88EB-625FBE52EBFB}</UniqueIdentifier>
      <Extensions>h;hh;hpp;hxx;h++;hm;inl;inc;ipp;xsd</Extensions>
    </Filter>
  </ItemGroup>
  <ItemGroup>
    <ClCompile Include="1.两数之和.cpp">
      <Filter>源文件</Filter>
    </ClCompile>
    <ClCompile Include="2.字母异位词分组.cpp">
      <Filter>源文件</Filter>
    </ClCompile>
    <ClCompile Include="3.连续最长序列.cpp">
      <Filter>源文件</Filter>
    </ClCompile>
    <ClCompile Include="2.cpp">
      <Filter>资源文件</Filter>
    </ClCompile>
    <ClCompile Include="main.cpp">
      <Filter>源文件</Filter>
    </ClCompile>
    <ClCompile Include="4.移动0.cpp">
      <Filter>源文件</Filter>
    </ClCompile>
    <ClCompile Include="5.盛水最多的容器.cpp">
      <Filter>源文件</Filter>
    </ClCompile>
    <ClCompile Include="6.三数之和.cpp">
      <Filter>源文件</Filter>
    </ClCompile>
    <ClCompile Include="8.无重复字符的最长子串.cpp">
      <Filter>源文件</Filter>
    </ClCompile>
    <ClCompile Include="9.找到字符串中所有字母异位词.cpp">
      <Filter>源文件</Filter>
    </ClCompile>
    <ClCompile Include="10.和为K的子数组.cpp">
      <Filter>源文件</Filter>
    </ClCompile>
    <ClCompile Include="11.滑动窗口最大值.cpp">
      <Filter>源文件</Filter>
    </ClCompile>
    <ClCompile Include="22.相交列表.cpp">
      <Filter>源文件</Filter>
    </ClCompile>
    <ClCompile Include="23.反转链表.cpp">
      <Filter>源文件</Filter>
    </ClCompile>
    <ClCompile Include="24.回文链表.cpp">
      <Filter>源文件</Filter>
    </ClCompile>
    <ClCompile Include="25.环形链表.cpp">
      <Filter>源文件</Filter>
    </ClCompile>
    <ClCompile Include="26.环形链表2.cpp">
      <Filter>源文件</Filter>
    </ClCompile>
    <ClCompile Include="27.合并有序链表.cpp">
      <Filter>源文件</Filter>
    </ClCompile>
    <ClCompile Include="13.最大子数组和.cpp">
      <Filter>源文件</Filter>
    </ClCompile>
    <ClCompile Include="14.合并区间.cpp">
      <Filter>源文件</Filter>
    </ClCompile>
    <ClCompile Include="15.轮转数组.cpp">
      <Filter>源文件</Filter>
    </ClCompile>
    <ClCompile Include="16.除自身以外数组的乘积.cpp">
      <Filter>源文件</Filter>
    </ClCompile>
    <ClCompile Include="81.爬楼梯.cpp">
      <Filter>源文件</Filter>
    </ClCompile>
    <ClCompile Include="83.杨辉三角.cpp">
      <Filter>源文件</Filter>
    </ClCompile>
    <ClCompile Include="84.打家劫舍.cpp">
      <Filter>源文件</Filter>
    </ClCompile>
    <ClCompile Include="85.完全平方数.cpp">
      <Filter>源文件</Filter>
    </ClCompile>
    <ClCompile Include="86.零钱兑换.cpp">
      <Filter>源文件</Filter>
    </ClCompile>
    <ClCompile Include="87.单词拆分.cpp">
      <Filter>源文件</Filter>
    </ClCompile>
    <ClCompile Include="87.2单词拆分.cpp">
      <Filter>源文件</Filter>
    </ClCompile>
    <ClCompile Include="88.最长上升子序列.cpp">
      <Filter>源文件</Filter>
    </ClCompile>
    <ClCompile Include="36.二叉树的中序遍历.cpp">
      <Filter>源文件</Filter>
    </ClCompile>
    <ClCompile Include="37.二叉树的最大深度.cpp">
      <Filter>源文件</Filter>
    </ClCompile>
    <ClCompile Include="38.翻转二叉树.cpp">
      <Filter>源文件</Filter>
    </ClCompile>
    <ClCompile Include="40.二叉树的直径.cpp">
      <Filter>源文件</Filter>
    </ClCompile>
    <ClCompile Include="41.二叉树的层次遍历.cpp">
      <Filter>源文件</Filter>
    </ClCompile>
    <ClCompile Include="42.将有序数组转化为二叉搜索树.cpp">
      <Filter>源文件</Filter>
    </ClCompile>
    <ClCompile Include="43.验证二叉搜索树.cpp">
      <Filter>源文件</Filter>
    </ClCompile>
    <ClCompile Include="44.二叉树的第K小的数.cpp">
      <Filter>源文件</Filter>
    </ClCompile>
    <ClCompile Include="45.二叉树的右视图.cpp">
      <Filter>源文件</Filter>
    </ClCompile>
    <ClCompile Include="46.二叉树转化为链表.cpp">
      <Filter>源文件</Filter>
    </ClCompile>
    <ClCompile Include="47.从前序与中序遍历中构造二叉树.cpp">
      <Filter>源文件</Filter>
    </ClCompile>
    <ClCompile Include="51.岛屿数列.cpp">
      <Filter>源文件</Filter>
    </ClCompile>
    <ClCompile Include="52.腐烂的句子.cpp">
      <Filter>源文件</Filter>
    </ClCompile>
    <ClCompile Include="55.排列数.cpp">
      <Filter>源文件</Filter>
    </ClCompile>
    <ClCompile Include="56.子集.cpp">
      <Filter>源文件</Filter>
    </ClCompile>
    <ClCompile Include="57.电话号码.cpp">
      <Filter>源文件</Filter>
    </ClCompile>
    <ClCompile Include="58.组合总和.cpp">
      <Filter>源文件</Filter>
    </ClCompile>
    <ClCompile Include="源.cpp">
      <Filter>源文件</Filter>
    </ClCompile>
    <ClCompile Include="59.括号生成.cpp">
      <Filter>源文件</Filter>
    </ClCompile>
    <ClCompile Include="60.单词搜索.cpp">
      <Filter>源文件</Filter>
    </ClCompile>
    <ClCompile Include="61.分割回文串.cpp">
      <Filter>源文件</Filter>
    </ClCompile>
    <ClCompile Include="63.搜索插入位置.cpp">
      <Filter>源文件</Filter>
    </ClCompile>
    <ClCompile Include="64.搜索二维矩阵.cpp">
      <Filter>源文件</Filter>
    </ClCompile>
    <ClCompile Include="65.在排序数组中查找元素第一个.cpp">
      <Filter>源文件</Filter>
    </ClCompile>
    <ClCompile Include="66.搜索旋转排列数组.cpp">
      <Filter>源文件</Filter>
    </ClCompile>
    <ClCompile Include="69.有效的括号.cpp">
      <Filter>源文件</Filter>
    </ClCompile>
    <ClCompile Include="70.最小栈.cpp">
      <Filter>源文件</Filter>
    </ClCompile>
    <ClCompile Include="71.字符串解码.cpp">
      <Filter>源文件</Filter>
    </ClCompile>
    <ClCompile Include="49.LCA.cpp">
      <Filter>源文件</Filter>
    </ClCompile>
    <ClCompile Include="93.最小路径和.cpp">
      <Filter>源文件</Filter>
    </ClCompile>
    <ClCompile Include="94.最长回文子串.cpp">
      <Filter>源文件</Filter>
    </ClCompile>
    <ClCompile Include="34.合并K个有序链表.cpp">
      <Filter>源文件</Filter>
    </ClCompile>
    <ClCompile Include="74.数组中的第K个最大元素.cpp">
      <Filter>源文件</Filter>
    </ClCompile>
    <ClCompile Include="18.矩阵置零.cpp">
      <Filter>源文件</Filter>
    </ClCompile>
    <ClCompile Include="28.两数相加.cpp">
      <Filter>源文件</Filter>
    </ClCompile>
    <ClCompile Include="29.删除链表的倒数第N个节点.cpp">
      <Filter>源文件</Filter>
    </ClCompile>
    <ClCompile Include="30.两两交换链表中的节点.cpp">
      <Filter>源文件</Filter>
    </ClCompile>
    <ClCompile Include="53.课程表.cpp">
      <Filter>源文件</Filter>
    </ClCompile>
    <ClCompile Include="75.前K个高频元素.cpp">
      <Filter>源文件</Filter>
    </ClCompile>
    <ClCompile Include="72.每日温度.cpp">
      <Filter>源文件</Filter>
    </ClCompile>
    <ClCompile Include="最大正方形.cpp">
      <Filter>源文件</Filter>
    </ClCompile>
  </ItemGroup>
</Project>